
Microsoft Visual Studio Solution File, Format Version 12.00
# Visual Studio Version 17
VisualStudioVersion = 17.0.31919.166
MinimumVisualStudioVersion = 10.0.40219.1
Project("{9A19103F-16F7-4668-BE54-9A1E7A4F7556}") = "WWB.Security", "src\WWB.Security\WWB.Security.csproj", "{37062DEE-27FA-4B3D-88DF-D22FF58DCB1A}"
EndProject
Project("{9A19103F-16F7-4668-BE54-9A1E7A4F7556}") = "Sample.WebApi", "src\Sample.WebApi\Sample.WebApi.csproj", "{2E5D29DD-8A98-4395-8647-30C1AC2F20CE}"
EndProject
Project("{2150E333-8FDC-42A3-9474-1A3956D46DE8}") = "src", "src", "{B1414CFB-BC82-409D-B43D-9AD16A92C8A8}"
EndProject
Project("{2150E333-8FDC-42A3-9474-1A3956D46DE8}") = ".github", ".github", "{C35BBC75-8D7D-47D5-B793-E8046952B00E}"
	ProjectSection(SolutionItems) = preProject
		.github\workflows\dotnet.yml = .github\workflows\dotnet.yml
	EndProjectSection
EndProject
Global
	GlobalSection(SolutionConfigurationPlatforms) = preSolution
		Debug|Any CPU = Debug|Any CPU
		Release|Any CPU = Release|Any CPU
	EndGlobalSection
	GlobalSection(ProjectConfigurationPlatforms) = postSolution
		{37062DEE-27FA-4B3D-88DF-D22FF58DCB1A}.Debug|Any CPU.ActiveCfg = Debug|Any CPU
		{37062DEE-27FA-4B3D-88DF-D22FF58DCB1A}.Debug|Any CPU.Build.0 = Debug|Any CPU
		{37062DEE-27FA-4B3D-88DF-D22FF58DCB1A}.Release|Any CPU.ActiveCfg = Release|Any CPU
		{37062DEE-27FA-4B3D-88DF-D22FF58DCB1A}.Release|Any CPU.Build.0 = Release|Any CPU
		{2E5D29DD-8A98-4395-8647-30C1AC2F20CE}.Debug|Any CPU.ActiveCfg = Debug|Any CPU
		{2E5D29DD-8A98-4395-8647-30C1AC2F20CE}.Debug|Any CPU.Build.0 = Debug|Any CPU
		{2E5D29DD-8A98-4395-8647-30C1AC2F20CE}.Release|Any CPU.ActiveCfg = Release|Any CPU
		{2E5D29DD-8A98-4395-8647-30C1AC2F20CE}.Release|Any CPU.Build.0 = Release|Any CPU
	EndGlobalSection
	GlobalSection(SolutionProperties) = preSolution
		HideSolutionNode = FALSE
	EndGlobalSection
	GlobalSection(NestedProjects) = preSolution
		{37062DEE-27FA-4B3D-88DF-D22FF58DCB1A} = {B1414CFB-BC82-409D-B43D-9AD16A92C8A8}
	EndGlobalSection
	GlobalSection(ExtensibilityGlobals) = postSolution
		SolutionGuid = {AA77301F-5C68-40BD-9B0F-30A505C435BE}
	EndGlobalSection
EndGlobal
